// !$*UTF8*$!
{
	archiveVersion = 1;
	classes = {
	};
	objectVersion = 50;
	objects = {

/* Begin PBXBuildFile section */
		BE07786320AB2AED00DA2151 /* AppDelegate.swift in Sources */ = {isa = PBXBuildFile; fileRef = BE07786220AB2AED00DA2151 /* AppDelegate.swift */; };
		BE07786520AB2AED00DA2151 /* ViewController.swift in Sources */ = {isa = PBXBuildFile; fileRef = BE07786420AB2AED00DA2151 /* ViewController.swift */; };
		BE07786820AB2AED00DA2151 /* Main.storyboard in Resources */ = {isa = PBXBuildFile; fileRef = BE07786620AB2AED00DA2151 /* Main.storyboard */; };
		BE07786A20AB2AF100DA2151 /* Assets.xcassets in Resources */ = {isa = PBXBuildFile; fileRef = BE07786920AB2AF100DA2151 /* Assets.xcassets */; };
		BE07786D20AB2AF100DA2151 /* LaunchScreen.storyboard in Resources */ = {isa = PBXBuildFile; fileRef = BE07786B20AB2AF100DA2151 /* LaunchScreen.storyboard */; };
		BE092CB020AD49F000A9EF10 /* AVFoundation.framework in Frameworks */ = {isa = PBXBuildFile; fileRef = BE092CAF20AD49F000A9EF10 /* AVFoundation.framework */; };
		BE092CB220AD4D8000A9EF10 /* SimplestAVFoundation.swift in Sources */ = {isa = PBXBuildFile; fileRef = BE092CB120AD4D8000A9EF10 /* SimplestAVFoundation.swift */; };
/* End PBXBuildFile section */

/* Begin PBXFileReference section */
		BE07785F20AB2AED00DA2151 /* simplestAVFoundation.app */ = {isa = PBXFileReference; explicitFileType = wrapper.application; includeInIndex = 0; path = simplestAVFoundation.app; sourceTree = BUILT_PRODUCTS_DIR; };
		BE07786220AB2AED00DA2151 /* AppDelegate.swift */ = {isa = PBXFileReference; lastKnownFileType = sourcecode.swift; path = AppDelegate.swift; sourceTree = "<group>"; };
		BE07786420AB2AED00DA2151 /* ViewController.swift */ = {isa = PBXFileReference; lastKnownFileType = sourcecode.swift; path = ViewController.swift; sourceTree = "<group>"; };
		BE07786720AB2AED00DA2151 /* Base */ = {isa = PBXFileReference; lastKnownFileType = file.storyboard; name = Base; path = Base.lproj/Main.storyboard; sourceTree = "<group>"; };
		BE07786920AB2AF100DA2151 /* Assets.xcassets */ = {isa = PBXFileReference; lastKnownFileType = folder.assetcatalog; path = Assets.xcassets; sourceTree = "<group>"; };
		BE07786C20AB2AF100DA2151 /* Base */ = {isa = PBXFileReference; lastKnownFileType = file.storyboard; name = Base; path = Base.lproj/LaunchScreen.storyboard; sourceTree = "<group>"; };
		BE07786E20AB2AF100DA2151 /* Info.plist */ = {isa = PBXFileReference; lastKnownFileType = text.plist.xml; path = Info.plist; sourceTree = "<group>"; };
		BE092CAF20AD49F000A9EF10 /* AVFoundation.framework */ = {isa = PBXFileReference; lastKnownFileType = wrapper.framework; name = AVFoundation.framework; path = System/Library/Frameworks/AVFoundation.framework; sourceTree = SDKROOT; };
		BE092CB120AD4D8000A9EF10 /* SimplestAVFoundation.swift */ = {isa = PBXFileReference; lastKnownFileType = sourcecode.swift; path = SimplestAVFoundation.swift; sourceTree = "<group>"; };
/* End PBXFileReference section */

/* Begin PBXFrameworksBuildPhase section */
		BE07785C20AB2AED00DA2151 /* Frameworks */ = {
			isa = PBXFrameworksBuildPhase;
			buildActionMask = 2147483647;
			files = (
				BE092CB020AD49F000A9EF10 /* AVFoundation.framework in Frameworks */,
			);
			runOnlyForDeploymentPostprocessing = 0;
		};
/* End PBXFrameworksBuildPhase section */

/* Begin PBXGroup section */
		BE07785620AB2AED00DA2151 = {
			isa = PBXGroup;
			children = (
				BE07786120AB2AED00DA2151 /* simplestAVFoundation */,
				BE07786020AB2AED00DA2151 /* Products */,
				BE092CAE20AD49F000A9EF10 /* Frameworks */,
			);
			sourceTree = "<group>";
		};
		BE07786020AB2AED00DA2151 /* Products */ = {
			isa = PBXGroup;
			children = (
				BE07785F20AB2AED00DA2151 /* simplestAVFoundation.app */,
			);
			name = Products;
			sourceTree = "<group>";
		};
		BE07786120AB2AED00DA2151 /* simplestAVFoundation */ = {
			isa = PBXGroup;
			children = (
				BE07786220AB2AED00DA2151 /* AppDelegate.swift */,
				BE07786420AB2AED00DA2151 /* ViewController.swift */,
				BE07786620AB2AED00DA2151 /* Main.storyboard */,
				BE07786920AB2AF100DA2151 /* Assets.xcassets */,
				BE07786B20AB2AF100DA2151 /* LaunchScreen.storyboard */,
				BE07786E20AB2AF100DA2151 /* Info.plist */,
				BE092CB120AD4D8000A9EF10 /* SimplestAVFoundation.swift */,
			);
			path = simplestAVFoundation;
			sourceTree = "<group>";
		};
		BE092CAE20AD49F000A9EF10 /* Frameworks */ = {
			isa = PBXGroup;
			children = (
				BE092CAF20AD49F000A9EF10 /* AVFoundation.framework */,
			);
			name = Frameworks;
			sourceTree = "<group>";
		};
/* End PBXGroup section */

/* Begin PBXNativeTarget section */
		BE07785E20AB2AED00DA2151 /* simplestAVFoundation */ = {
			isa = PBXNativeTarget;
			buildConfigurationList = BE07787120AB2AF100DA2151 /* Build configuration list for PBXNativeTarget "simplestAVFoundation" */;
			buildPhases = (
				BE07785B20AB2AED00DA2151 /* Sources */,
				BE07785C20AB2AED00DA2151 /* Frameworks */,
				BE07785D20AB2AED00DA2151 /* Resources */,
			);
			buildRules = (
			);
			dependencies = (
			);
			name = simplestAVFoundation;
			productName = simplestAVFoundation;
			productReference = BE07785F20AB2AED00DA2151 /* simplestAVFoundation.app */;
			productType = "com.apple.product-type.application";
		};
/* End PBXNativeTarget section */

/* Begin PBXProject section */
		BE07785720AB2AED00DA2151 /* Project object */ = {
			isa = PBXProject;
			attributes = {
				LastSwiftUpdateCheck = 0930;
				LastUpgradeCheck = 0930;
				ORGANIZATIONNAME = "neno naninu";
				TargetAttributes = {
					BE07785E20AB2AED00DA2151 = {
						CreatedOnToolsVersion = 9.3;
					};
				};
			};
			buildConfigurationList = BE07785A20AB2AED00DA2151 /* Build configuration list for PBXProject "simplestAVFoundation" */;
			compatibilityVersion = "Xcode 9.3";
			developmentRegion = en;
			hasScannedForEncodings = 0;
			knownRegions = (
				en,
				Base,
			);
			mainGroup = BE07785620AB2AED00DA2151;
			productRefGroup = BE07786020AB2AED00DA2151 /* Products */;
			projectDirPath = "";
			projectRoot = "";
			targets = (
				BE07785E20AB2AED00DA2151 /* simplestAVFoundation */,
			);
		};
/* End PBXProject section */

/* Begin PBXResourcesBuildPhase section */
		BE07785D20AB2AED00DA2151 /* Resources */ = {
			isa = PBXResourcesBuildPhase;
			buildActionMask = 2147483647;
			files = (
				BE07786D20AB2AF100DA2151 /* LaunchScreen.storyboard in Resources */,
				BE07786A20AB2AF100DA2151 /* Assets.xcassets in Resources */,
				BE07786820AB2AED00DA2151 /* Main.storyboard in Resources */,
			);
			runOnlyForDeploymentPostprocessing = 0;
		};
/* End PBXResourcesBuildPhase section */

/* Begin PBXSourcesBuildPhase section */
		BE07785B20AB2AED00DA2151 /* Sources */ = {
			isa = PBXSourcesBuildPhase;
			buildActionMask = 2147483647;
			files = (
				BE07786520AB2AED00DA2151 /* ViewController.swift in Sources */,
				BE07786320AB2AED00DA2151 /* AppDelegate.swift in Sources */,
				BE092CB220AD4D8000A9EF10 /* SimplestAVFoundation.swift in Sources */,
			);
			runOnlyForDeploymentPostprocessing = 0;
		};
/* End PBXSourcesBuildPhase section */

/* Begin PBXVariantGroup section */
		BE07786620AB2AED00DA2151 /* Main.storyboard */ = {
			isa = PBXVariantGroup;
			children = (
				BE07786720AB2AED00DA2151 /* Base */,
			);
			name = Main.storyboard;
			sourceTree = "<group>";
		};
		BE07786B20AB2AF100DA2151 /* LaunchScreen.storyboard */ = {
			isa = PBXVariantGroup;
			children = (
				BE07786C20AB2AF100DA2151 /* Base */,
			);
			name = LaunchScreen.storyboard;
			sourceTree = "<group>";
		};
/* End PBXVariantGroup section */

/* Begin XCBuildConfiguration section */
		BE07786F20AB2AF100DA2151 /* Debug */ = {
			isa = XCBuildConfiguration;
			buildSettings = {
				ALWAYS_SEARCH_USER_PATHS = NO;
				CLANG_ANALYZER_NONNULL = YES;
				CLANG_ANALYZER_NUMBER_OBJECT_CONVERSION = YES_AGGRESSIVE;
				CLANG_CXX_LANGUAGE_STANDARD = "gnu++14";
				CLANG_CXX_LIBRARY = "libc++";
				CLANG_ENABLE_MODULES = YES;
				CLANG_ENABLE_OBJC_ARC = YES;
				CLANG_ENABLE_OBJC_WEAK = YES;
				CLANG_WARN_BLOCK_CAPTURE_AUTORELEASING = YES;
				CLANG_WARN_BOOL_CONVERSION = YES;
				CLANG_WARN_COMMA = YES;
				CLANG_WARN_CONSTANT_CONVERSION = YES;
				CLANG_WARN_DEPRECATED_OBJC_IMPLEMENTATIONS = YES;
				CLANG_WARN_DIRECT_OBJC_ISA_USAGE = YES_ERROR;
				CLANG_WARN_DOCUMENTATION_COMMENTS = YES;
				CLANG_WARN_EMPTY_BODY = YES;
				CLANG_WARN_ENUM_CONVERSION = YES;
				CLANG_WARN_INFINITE_RECURSION = YES;
				CLANG_WARN_INT_CONVERSION = YES;
				CLANG_WARN_NON_LITERAL_NULL_CONVERSION = YES;
				CLANG_WARN_OBJC_IMPLICIT_RETAIN_SELF = YES;
				CLANG_WARN_OBJC_LITERAL_CONVERSION = YES;
				CLANG_WARN_OBJC_ROOT_CLASS = YES_ERROR;
				CLANG_WARN_RANGE_LOOP_ANALYSIS = YES;
				CLANG_WARN_STRICT_PROTOTYPES = YES;
				CLANG_WARN_SUSPICIOUS_MOVE = YES;
				CLANG_WARN_UNGUARDED_AVAILABILITY = YES_AGGRESSIVE;
				CLANG_WARN_UNREACHABLE_CODE = YES;
				CLANG_WARN__DUPLICATE_METHOD_MATCH = YES;
				CODE_SIGN_IDENTITY = "iPhone Developer";
				COPY_PHASE_STRIP = NO;
				DEBUG_INFORMATION_FORMAT = dwarf;
				ENABLE_STRICT_OBJC_MSGSEND = YES;
				ENABLE_TESTABILITY = YES;
				GCC_C_LANGUAGE_STANDARD = gnu11;
				GCC_DYNAMIC_NO_PIC = NO;
				GCC_NO_COMMON_BLOCKS = YES;
				GCC_OPTIMIZATION_LEVEL = 0;
				GCC_PREPROCESSOR_DEFINITIONS = (
					"DEBUG=1",
					"$(inherited)",
				);
				GCC_WARN_64_TO_32_BIT_CONVERSION = YES;
				GCC_WARN_ABOUT_RETURN_TYPE = YES_ERROR;
				GCC_WARN_UNDECLARED_SELECTOR = YES;
				GCC_WARN_UNINITIALIZED_AUTOS = YES_AGGRESSIVE;
				GCC_WARN_UNUSED_FUNCTION = YES;
				GCC_WARN_UNUSED_VARIABLE = YES;
				IPHONEOS_DEPLOYMENT_TARGET = 11.3;
				MTL_ENABLE_DEBUG_INFO = YES;
				ONLY_ACTIVE_ARCH = YES;
				SDKROOT = iphoneos;
				SWIFT_ACTIVE_COMPILATION_CONDITIONS = DEBUG;
				SWIFT_OPTIMIZATION_LEVEL = "-Onone";
			};
			name = Debug;
		};
		BE07787020AB2AF100DA2151 /* Release */ = {
			isa = XCBuildConfiguration;
			buildSettings = {
				ALWAYS_SEARCH_USER_PATHS = NO;
				CLANG_ANALYZER_NONNULL = YES;
				CLANG_ANALYZER_NUMBER_OBJECT_CONVERSION = YES_AGGRESSIVE;
				CLANG_CXX_LANGUAGE_STANDARD = "gnu++14";
				CLANG_CXX_LIBRARY = "libc++";
				CLANG_ENABLE_MODULES = YES;
				CLANG_ENABLE_OBJC_ARC = YES;
				CLANG_ENABLE_OBJC_WEAK = YES;
				CLANG_WARN_BLOCK_CAPTURE_AUTORELEASING = YES;
				CLANG_WARN_BOOL_CONVERSION = YES;
				CLANG_WARN_COMMA = YES;
				CLANG_WARN_CONSTANT_CONVERSION = YES;
				CLANG_WARN_DEPRECATED_OBJC_IMPLEMENTATIONS = YES;
				CLANG_WARN_DIRECT_OBJC_ISA_USAGE = YES_ERROR;
				CLANG_WARN_DOCUMENTATION_COMMENTS = YES;
				CLANG_WARN_EMPTY_BODY = YES;
				CLANG_WARN_ENUM_CONVERSION = YES;
				CLANG_WARN_INFINITE_RECURSION = YES;
				CLANG_WARN_INT_CONVERSION = YES;
				CLANG_WARN_NON_LITERAL_NULL_CONVERSION = YES;
				CLANG_WARN_OBJC_IMPLICIT_RETAIN_SELF = YES;
				CLANG_WARN_OBJC_LITERAL_CONVERSION = YES;
				CLANG_WARN_OBJC_ROOT_CLASS = YES_ERROR;
				CLANG_WARN_RANGE_LOOP_ANALYSIS = YES;
				CLANG_WARN_STRICT_PROTOTYPES = YES;
				CLANG_WARN_SUSPICIOUS_MOVE = YES;
				CLANG_WARN_UNGUARDED_AVAILABILITY = YES_AGGRESSIVE;
				CLANG_WARN_UNREACHABLE_CODE = YES;
				CLANG_WARN__DUPLICATE_METHOD_MATCH = YES;
				CODE_SIGN_IDENTITY = "iPhone Developer";
				COPY_PHASE_STRIP = NO;
				DEBUG_INFORMATION_FORMAT = "dwarf-with-dsym";
				ENABLE_NS_ASSERTIONS = NO;
				ENABLE_STRICT_OBJC_MSGSEND = YES;
				GCC_C_LANGUAGE_STANDARD = gnu11;
				GCC_NO_COMMON_BLOCKS = YES;
				GCC_WARN_64_TO_32_BIT_CONVERSION = YES;
				GCC_WARN_ABOUT_RETURN_TYPE = YES_ERROR;
				GCC_WARN_UNDECLARED_SELECTOR = YES;
				GCC_WARN_UNINITIALIZED_AUTOS = YES_AGGRESSIVE;
				GCC_WARN_UNUSED_FUNCTION = YES;
				GCC_WARN_UNUSED_VARIABLE = YES;
				IPHONEOS_DEPLOYMENT_TARGET = 11.3;
				MTL_ENABLE_DEBUG_INFO = NO;
				SDKROOT = iphoneos;
				SWIFT_COMPILATION_MODE = wholemodule;
				SWIFT_OPTIMIZATION_LEVEL = "-O";
				VALIDATE_PRODUCT = YES;
			};
			name = Release;
		};
		BE07787220AB2AF100DA2151 /* Debug */ = {
			isa = XCBuildConfiguration;
			buildSettings = {
				ASSETCATALOG_COMPILER_APPICON_NAME = AppIcon;
				CODE_SIGN_STYLE = Automatic;
				DEVELOPMENT_TEAM = ZRAFCU8XR8;
				INFOPLIST_FILE = simplestAVFoundation/Info.plist;
				LD_RUNPATH_SEARCH_PATHS = (
					"$(inherited)",
					"@executable_path/Frameworks",
				);
				PRODUCT_BUNDLE_IDENTIFIER = "nenos-factory.simplestAVFoundation";
				PRODUCT_NAME = "$(TARGET_NAME)";
				SWIFT_VERSION = 4.0;
				TARGETED_DEVICE_FAMILY = "1,2";
			};
			name = Debug;
		};
		BE07787320AB2AF100DA2151 /* Release */ = {
			isa = XCBuildConfiguration;
			buildSettings = {
				ASSETCATALOG_COMPILER_APPICON_NAME = AppIcon;
				CODE_SIGN_STYLE = Automatic;
				DEVELOPMENT_TEAM = ZRAFCU8XR8;
				INFOPLIST_FILE = simplestAVFoundation/Info.plist;
				LD_RUNPATH_SEARCH_PATHS = (
					"$(inherited)",
					"@executable_path/Frameworks",
				);
				PRODUCT_BUNDLE_IDENTIFIER = "nenos-factory.simplestAVFoundation";
				PRODUCT_NAME = "$(TARGET_NAME)";
				SWIFT_VERSION = 4.0;
				TARGETED_DEVICE_FAMILY = "1,2";
			};
			name = Release;
		};
/* End XCBuildConfiguration section */

/* Begin XCConfigurationList section */
		BE07785A20AB2AED00DA2151 /* Build configuration list for PBXProject "simplestAVFoundation" */ = {
			isa = XCConfigurationList;
			buildConfigurations = (
				BE07786F20AB2AF100DA2151 /* Debug */,
				BE07787020AB2AF100DA2151 /* Release */,
			);
			defaultConfigurationIsVisible = 0;
			defaultConfigurationName = Release;
		};
		BE07787120AB2AF100DA2151 /* Build configuration list for PBXNativeTarget "simplestAVFoundation" */ = {
			isa = XCConfigurationList;
			buildConfigurations = (
				BE07787220AB2AF100DA2151 /* Debug */,
				BE07787320AB2AF100DA2151 /* Release */,
			);
			defaultConfigurationIsVisible = 0;
			defaultConfigurationName = Release;
		};
/* End XCConfigurationList section */
	};
	rootObject = BE07785720AB2AED00DA2151 /* Project object */;
}
